
Microsoft Visual Studio Solution File, Format Version 10.00
# Visual Studio 2008
Project("{8BC9CEB8-8B4A-11D0-8D11-00A0C91BC942}") = "GetMask", "GetMask\GetMask.vcproj", "{ED2B59EA-7C94-429B-81A4-E6AE8CEF9F92}"
EndProject
Global
	GlobalSection(SolutionConfigurationPlatforms) = preSolution
		Debug|Win32 = Debug|Win32
		Release|Win32 = Release|Win32
	EndGlobalSection
	GlobalSection(ProjectConfigurationPlatforms) = postSolution
		{ED2B59EA-7C94-429B-81A4-E6AE8CEF9F92}.Debug|Win32.ActiveCfg = Debug|Win32
		{ED2B59EA-7C94-429B-81A4-E6AE8CEF9F92}.Debug|Win32.Build.0 = Debug|Win32
		{ED2B59EA-7C94-429B-81A4-E6AE8CEF9F92}.Release|Win32.ActiveCfg = Release|Win32
		{ED2B59EA-7C94-429B-81A4-E6AE8CEF9F92}.Release|Win32.Build.0 = Release|Win32
	EndGlobalSection
	GlobalSection(SolutionProperties) = preSolution
		HideSolutionNode = FALSE
	EndGlobalSection
EndGlobal
